
Microsoft Visual Studio Solution File, Format Version 12.00
# Visual Studio Version 17
VisualStudioVersion = 17.14.36518.9
MinimumVisualStudioVersion = 10.0.40219.1
Project("{2150E333-8FDC-42A3-9474-1A3956D46DE8}") = "API", "API", "{02EA681E-C7D8-13C7-8484-4AC65E1B71E8}"
EndProject
Project("{2150E333-8FDC-42A3-9474-1A3956D46DE8}") = "Application", "Application", "{2A912233-CE5E-4109-99AC-081B080F4E93}"
EndProject
Project("{2150E333-8FDC-42A3-9474-1A3956D46DE8}") = "Core", "Core", "{4FB8130C-7089-4688-A78C-C32E9F879D25}"
EndProject
Project("{2150E333-8FDC-42A3-9474-1A3956D46DE8}") = "Infraestructure", "Infraestructure", "{2B7DD2F9-ECFF-446C-AF0B-7FE51C68D3A7}"
EndProject
Project("{2150E333-8FDC-42A3-9474-1A3956D46DE8}") = "Shared", "Shared", "{4F4FB95B-368D-4EF1-B214-9FBB223FA11B}"
EndProject
Project("{2150E333-8FDC-42A3-9474-1A3956D46DE8}") = "Test", "Test", "{8F7770C2-082E-4AFA-8B15-54CE5F6CEE70}"
EndProject
Project("{FAE04EC0-301F-11D3-BF4B-00C04F79EFBC}") = "Application", "..\Application\Application.csproj", "{6488438F-14CE-4C88-ACE2-39C9C0D93A3E}"
EndProject
Project("{FAE04EC0-301F-11D3-BF4B-00C04F79EFBC}") = "Domain", "..\Domain\Domain.csproj", "{F6F9443F-441F-4CEB-9C89-47810107A279}"
EndProject
Project("{FAE04EC0-301F-11D3-BF4B-00C04F79EFBC}") = "Infraestructure", "..\Infraestructure\Infraestructure.csproj", "{788768C8-74C8-4841-B8CA-F07D045C406A}"
EndProject
Project("{FAE04EC0-301F-11D3-BF4B-00C04F79EFBC}") = "Persistence", "..\Persistence\Persistence.csproj", "{FEF03276-9E02-48BE-B4D7-50E3F430BEEE}"
EndProject
Project("{FAE04EC0-301F-11D3-BF4B-00C04F79EFBC}") = "API", "..\API\API.csproj", "{7D8E4775-67C1-4F65-BE44-323DC7AC8670}"
EndProject
Project("{FAE04EC0-301F-11D3-BF4B-00C04F79EFBC}") = "Shared", "..\Shared\Shared.csproj", "{6F38C3D3-F513-45C5-AC37-35973D891804}"
EndProject
Project("{FAE04EC0-301F-11D3-BF4B-00C04F79EFBC}") = "UI2", "UI2\UI2.csproj", "{AE937C0A-C73C-4F32-8953-E928273034F1}"
EndProject
Global
	GlobalSection(SolutionConfigurationPlatforms) = preSolution
		Debug|Any CPU = Debug|Any CPU
		Release|Any CPU = Release|Any CPU
	EndGlobalSection
	GlobalSection(ProjectConfigurationPlatforms) = postSolution
		{6488438F-14CE-4C88-ACE2-39C9C0D93A3E}.Debug|Any CPU.ActiveCfg = Debug|Any CPU
		{6488438F-14CE-4C88-ACE2-39C9C0D93A3E}.Debug|Any CPU.Build.0 = Debug|Any CPU
		{6488438F-14CE-4C88-ACE2-39C9C0D93A3E}.Release|Any CPU.ActiveCfg = Release|Any CPU
		{6488438F-14CE-4C88-ACE2-39C9C0D93A3E}.Release|Any CPU.Build.0 = Release|Any CPU
		{F6F9443F-441F-4CEB-9C89-47810107A279}.Debug|Any CPU.ActiveCfg = Debug|Any CPU
		{F6F9443F-441F-4CEB-9C89-47810107A279}.Debug|Any CPU.Build.0 = Debug|Any CPU
		{F6F9443F-441F-4CEB-9C89-47810107A279}.Release|Any CPU.ActiveCfg = Release|Any CPU
		{F6F9443F-441F-4CEB-9C89-47810107A279}.Release|Any CPU.Build.0 = Release|Any CPU
		{788768C8-74C8-4841-B8CA-F07D045C406A}.Debug|Any CPU.ActiveCfg = Debug|Any CPU
		{788768C8-74C8-4841-B8CA-F07D045C406A}.Debug|Any CPU.Build.0 = Debug|Any CPU
		{788768C8-74C8-4841-B8CA-F07D045C406A}.Release|Any CPU.ActiveCfg = Release|Any CPU
		{788768C8-74C8-4841-B8CA-F07D045C406A}.Release|Any CPU.Build.0 = Release|Any CPU
		{FEF03276-9E02-48BE-B4D7-50E3F430BEEE}.Debug|Any CPU.ActiveCfg = Debug|Any CPU
		{FEF03276-9E02-48BE-B4D7-50E3F430BEEE}.Debug|Any CPU.Build.0 = Debug|Any CPU
		{FEF03276-9E02-48BE-B4D7-50E3F430BEEE}.Release|Any CPU.ActiveCfg = Release|Any CPU
		{FEF03276-9E02-48BE-B4D7-50E3F430BEEE}.Release|Any CPU.Build.0 = Release|Any CPU
		{7D8E4775-67C1-4F65-BE44-323DC7AC8670}.Debug|Any CPU.ActiveCfg = Debug|Any CPU
		{7D8E4775-67C1-4F65-BE44-323DC7AC8670}.Debug|Any CPU.Build.0 = Debug|Any CPU
		{7D8E4775-67C1-4F65-BE44-323DC7AC8670}.Release|Any CPU.ActiveCfg = Release|Any CPU
		{7D8E4775-67C1-4F65-BE44-323DC7AC8670}.Release|Any CPU.Build.0 = Release|Any CPU
		{6F38C3D3-F513-45C5-AC37-35973D891804}.Debug|Any CPU.ActiveCfg = Debug|Any CPU
		{6F38C3D3-F513-45C5-AC37-35973D891804}.Debug|Any CPU.Build.0 = Debug|Any CPU
		{6F38C3D3-F513-45C5-AC37-35973D891804}.Release|Any CPU.ActiveCfg = Release|Any CPU
		{6F38C3D3-F513-45C5-AC37-35973D891804}.Release|Any CPU.Build.0 = Release|Any CPU
		{AE937C0A-C73C-4F32-8953-E928273034F1}.Debug|Any CPU.ActiveCfg = Debug|Any CPU
		{AE937C0A-C73C-4F32-8953-E928273034F1}.Debug|Any CPU.Build.0 = Debug|Any CPU
		{AE937C0A-C73C-4F32-8953-E928273034F1}.Release|Any CPU.ActiveCfg = Release|Any CPU
		{AE937C0A-C73C-4F32-8953-E928273034F1}.Release|Any CPU.Build.0 = Release|Any CPU
	EndGlobalSection
	GlobalSection(SolutionProperties) = preSolution
		HideSolutionNode = FALSE
	EndGlobalSection
	GlobalSection(NestedProjects) = preSolution
		{6488438F-14CE-4C88-ACE2-39C9C0D93A3E} = {2A912233-CE5E-4109-99AC-081B080F4E93}
		{F6F9443F-441F-4CEB-9C89-47810107A279} = {4FB8130C-7089-4688-A78C-C32E9F879D25}
		{788768C8-74C8-4841-B8CA-F07D045C406A} = {2B7DD2F9-ECFF-446C-AF0B-7FE51C68D3A7}
		{FEF03276-9E02-48BE-B4D7-50E3F430BEEE} = {2B7DD2F9-ECFF-446C-AF0B-7FE51C68D3A7}
		{7D8E4775-67C1-4F65-BE44-323DC7AC8670} = {02EA681E-C7D8-13C7-8484-4AC65E1B71E8}
		{6F38C3D3-F513-45C5-AC37-35973D891804} = {4F4FB95B-368D-4EF1-B214-9FBB223FA11B}
	EndGlobalSection
	GlobalSection(ExtensibilityGlobals) = postSolution
		SolutionGuid = {50A407B4-8AB6-4CDC-B417-F67F2AC24313}
	EndGlobalSection
EndGlobal
